// !$*UTF8*$!
{
	archiveVersion = 1;
	classes = {
	};
	objectVersion = 51;
	objects = {

/* Begin PBXBuildFile section */
		8BA3398A21E0BA68007327D3 /* AppDelegate.swift in Sources */ = {isa = PBXBuildFile; fileRef = 8BA3398921E0BA68007327D3 /* AppDelegate.swift */; };
		8BA3398F21E0BA68007327D3 /* Main.storyboard in Resources */ = {isa = PBXBuildFile; fileRef = 8BA3398D21E0BA68007327D3 /* Main.storyboard */; };
		8BA3399121E0BA69007327D3 /* Assets.xcassets in Resources */ = {isa = PBXBuildFile; fileRef = 8BA3399021E0BA69007327D3 /* Assets.xcassets */; };
		8BA3399421E0BA69007327D3 /* LaunchScreen.storyboard in Resources */ = {isa = PBXBuildFile; fileRef = 8BA3399221E0BA69007327D3 /* LaunchScreen.storyboard */; };
		8BA3399C21E0F8FB007327D3 /* BoardCollectionViewController.swift in Sources */ = {isa = PBXBuildFile; fileRef = 8BA3399B21E0F8FB007327D3 /* BoardCollectionViewController.swift */; };
		8BA3399E21E23857007327D3 /* Board.swift in Sources */ = {isa = PBXBuildFile; fileRef = 8BA3399D21E23857007327D3 /* Board.swift */; };
		8BA339A021E23879007327D3 /* BoardCollectionViewCell.swift in Sources */ = {isa = PBXBuildFile; fileRef = 8BA3399F21E23879007327D3 /* BoardCollectionViewCell.swift */; };
		CA0D201C24C83BF50083EEF9 /* DragAndDropLogin.mp4 in Resources */ = {isa = PBXBuildFile; fileRef = CA0D201924C83BF30083EEF9 /* DragAndDropLogin.mp4 */; };
		CA0D201D24C83BF50083EEF9 /* DragAndDropLogo.mp4 in Resources */ = {isa = PBXBuildFile; fileRef = CA0D201A24C83BF40083EEF9 /* DragAndDropLogo.mp4 */; };
		CA0D201E24C83BF50083EEF9 /* DragAndDropSignUp.mp4 in Resources */ = {isa = PBXBuildFile; fileRef = CA0D201B24C83BF50083EEF9 /* DragAndDropSignUp.mp4 */; };
		CA0D9A2D24C3990E00D18133 /* GoogleService-Info.plist in Resources */ = {isa = PBXBuildFile; fileRef = CA0D9A2C24C3990E00D18133 /* GoogleService-Info.plist */; };
		CA0D9A3124C39C4E00D18133 /* ViewController.swift in Sources */ = {isa = PBXBuildFile; fileRef = CA0D9A2E24C39C4C00D18133 /* ViewController.swift */; };
		CA0D9A3224C39C4E00D18133 /* SignUpViewController.swift in Sources */ = {isa = PBXBuildFile; fileRef = CA0D9A2F24C39C4D00D18133 /* SignUpViewController.swift */; };
		CA0D9A3324C39C4E00D18133 /* LoginViewController.swift in Sources */ = {isa = PBXBuildFile; fileRef = CA0D9A3024C39C4E00D18133 /* LoginViewController.swift */; };
		CA0D9A3624C39C5C00D18133 /* Constants.swift in Sources */ = {isa = PBXBuildFile; fileRef = CA0D9A3424C39C5B00D18133 /* Constants.swift */; };
		CA0D9A3724C39C5C00D18133 /* Utilities.swift in Sources */ = {isa = PBXBuildFile; fileRef = CA0D9A3524C39C5C00D18133 /* Utilities.swift */; };
		CA847DA024C596AF00FC38C9 /* Database.swift in Sources */ = {isa = PBXBuildFile; fileRef = CA847D9F24C596AF00FC38C9 /* Database.swift */; };
		CA902D1224C440FB002A42B1 /* Kanban.mp4 in Resources */ = {isa = PBXBuildFile; fileRef = CA902D1124C440FB002A42B1 /* Kanban.mp4 */; };
		F5CB007913FFC8DC79F33C14 /* Pods_DragAndDrop.framework in Frameworks */ = {isa = PBXBuildFile; fileRef = 9C264A82B20E6A258F8D9318 /* Pods_DragAndDrop.framework */; };
/* End PBXBuildFile section */

/* Begin PBXFileReference section */
		612AC104AF4B80E1E8C09F74 /* Pods-DragAndDrop.release.xcconfig */ = {isa = PBXFileReference; includeInIndex = 1; lastKnownFileType = text.xcconfig; name = "Pods-DragAndDrop.release.xcconfig"; path = "Target Support Files/Pods-DragAndDrop/Pods-DragAndDrop.release.xcconfig"; sourceTree = "<group>"; };
		8BA3398621E0BA68007327D3 /* DragAndDrop.app */ = {isa = PBXFileReference; explicitFileType = wrapper.application; includeInIndex = 0; path = DragAndDrop.app; sourceTree = BUILT_PRODUCTS_DIR; };
		8BA3398921E0BA68007327D3 /* AppDelegate.swift */ = {isa = PBXFileReference; lastKnownFileType = sourcecode.swift; path = AppDelegate.swift; sourceTree = "<group>"; };
		8BA3398E21E0BA68007327D3 /* Base */ = {isa = PBXFileReference; lastKnownFileType = file.storyboard; name = Base; path = Base.lproj/Main.storyboard; sourceTree = "<group>"; };
		8BA3399021E0BA69007327D3 /* Assets.xcassets */ = {isa = PBXFileReference; lastKnownFileType = folder.assetcatalog; path = Assets.xcassets; sourceTree = "<group>"; };
		8BA3399321E0BA69007327D3 /* Base */ = {isa = PBXFileReference; lastKnownFileType = file.storyboard; name = Base; path = Base.lproj/LaunchScreen.storyboard; sourceTree = "<group>"; };
		8BA3399521E0BA69007327D3 /* Info.plist */ = {isa = PBXFileReference; lastKnownFileType = text.plist.xml; path = Info.plist; sourceTree = "<group>"; };
		8BA3399B21E0F8FB007327D3 /* BoardCollectionViewController.swift */ = {isa = PBXFileReference; lastKnownFileType = sourcecode.swift; path = BoardCollectionViewController.swift; sourceTree = "<group>"; };
		8BA3399D21E23857007327D3 /* Board.swift */ = {isa = PBXFileReference; lastKnownFileType = sourcecode.swift; path = Board.swift; sourceTree = "<group>"; };
		8BA3399F21E23879007327D3 /* BoardCollectionViewCell.swift */ = {isa = PBXFileReference; lastKnownFileType = sourcecode.swift; path = BoardCollectionViewCell.swift; sourceTree = "<group>"; };
		9C264A82B20E6A258F8D9318 /* Pods_DragAndDrop.framework */ = {isa = PBXFileReference; explicitFileType = wrapper.framework; includeInIndex = 0; path = Pods_DragAndDrop.framework; sourceTree = BUILT_PRODUCTS_DIR; };
		BCF1ADBF50C4EA33F00820DE /* Pods-DragAndDrop.debug.xcconfig */ = {isa = PBXFileReference; includeInIndex = 1; lastKnownFileType = text.xcconfig; name = "Pods-DragAndDrop.debug.xcconfig"; path = "Target Support Files/Pods-DragAndDrop/Pods-DragAndDrop.debug.xcconfig"; sourceTree = "<group>"; };
		CA0D201924C83BF30083EEF9 /* DragAndDropLogin.mp4 */ = {isa = PBXFileReference; lastKnownFileType = file; path = DragAndDropLogin.mp4; sourceTree = "<group>"; };
		CA0D201A24C83BF40083EEF9 /* DragAndDropLogo.mp4 */ = {isa = PBXFileReference; lastKnownFileType = file; path = DragAndDropLogo.mp4; sourceTree = "<group>"; };
		CA0D201B24C83BF50083EEF9 /* DragAndDropSignUp.mp4 */ = {isa = PBXFileReference; lastKnownFileType = file; path = DragAndDropSignUp.mp4; sourceTree = "<group>"; };
		CA0D9A2C24C3990E00D18133 /* GoogleService-Info.plist */ = {isa = PBXFileReference; fileEncoding = 4; lastKnownFileType = text.plist.xml; path = "GoogleService-Info.plist"; sourceTree = "<group>"; };
		CA0D9A2E24C39C4C00D18133 /* ViewController.swift */ = {isa = PBXFileReference; fileEncoding = 4; lastKnownFileType = sourcecode.swift; path = ViewController.swift; sourceTree = "<group>"; };
		CA0D9A2F24C39C4D00D18133 /* SignUpViewController.swift */ = {isa = PBXFileReference; fileEncoding = 4; lastKnownFileType = sourcecode.swift; path = SignUpViewController.swift; sourceTree = "<group>"; };
		CA0D9A3024C39C4E00D18133 /* LoginViewController.swift */ = {isa = PBXFileReference; fileEncoding = 4; lastKnownFileType = sourcecode.swift; path = LoginViewController.swift; sourceTree = "<group>"; };
		CA0D9A3424C39C5B00D18133 /* Constants.swift */ = {isa = PBXFileReference; fileEncoding = 4; lastKnownFileType = sourcecode.swift; path = Constants.swift; sourceTree = "<group>"; };
		CA0D9A3524C39C5C00D18133 /* Utilities.swift */ = {isa = PBXFileReference; fileEncoding = 4; lastKnownFileType = sourcecode.swift; path = Utilities.swift; sourceTree = "<group>"; };
		CA847D9F24C596AF00FC38C9 /* Database.swift */ = {isa = PBXFileReference; lastKnownFileType = sourcecode.swift; path = Database.swift; sourceTree = "<group>"; };
		CA902D1124C440FB002A42B1 /* Kanban.mp4 */ = {isa = PBXFileReference; lastKnownFileType = file; path = Kanban.mp4; sourceTree = "<group>"; };
/* End PBXFileReference section */

/* Begin PBXFrameworksBuildPhase section */
		8BA3398321E0BA68007327D3 /* Frameworks */ = {
			isa = PBXFrameworksBuildPhase;
			buildActionMask = 2147483647;
			files = (
				F5CB007913FFC8DC79F33C14 /* Pods_DragAndDrop.framework in Frameworks */,
			);
			runOnlyForDeploymentPostprocessing = 0;
		};
/* End PBXFrameworksBuildPhase section */

/* Begin PBXGroup section */
		09A3CFB303D1EB1EDBCF2909 /* Frameworks */ = {
			isa = PBXGroup;
			children = (
				9C264A82B20E6A258F8D9318 /* Pods_DragAndDrop.framework */,
			);
			name = Frameworks;
			sourceTree = "<group>";
		};
		136FC7DBD6A89C7074DC806D /* Pods */ = {
			isa = PBXGroup;
			children = (
				BCF1ADBF50C4EA33F00820DE /* Pods-DragAndDrop.debug.xcconfig */,
				612AC104AF4B80E1E8C09F74 /* Pods-DragAndDrop.release.xcconfig */,
			);
			path = Pods;
			sourceTree = "<group>";
		};
		8BA3397D21E0BA68007327D3 = {
			isa = PBXGroup;
			children = (
				8BA3398821E0BA68007327D3 /* DragAndDrop */,
				8BA3398721E0BA68007327D3 /* Products */,
				136FC7DBD6A89C7074DC806D /* Pods */,
				09A3CFB303D1EB1EDBCF2909 /* Frameworks */,
			);
			sourceTree = "<group>";
		};
		8BA3398721E0BA68007327D3 /* Products */ = {
			isa = PBXGroup;
			children = (
				8BA3398621E0BA68007327D3 /* DragAndDrop.app */,
			);
			name = Products;
			sourceTree = "<group>";
		};
		8BA3398821E0BA68007327D3 /* DragAndDrop */ = {
			isa = PBXGroup;
			children = (
				CA2D770E24C3A1D000FCCA71 /* Media */,
				CA0D9A2B24C397C800D18133 /* Helper */,
				CA0D9A2A24C397B600D18133 /* ViewController */,
				CA0D9A2924C397A000D18133 /* Board */,
				8BA3398921E0BA68007327D3 /* AppDelegate.swift */,
				8BA3398D21E0BA68007327D3 /* Main.storyboard */,
				8BA3399021E0BA69007327D3 /* Assets.xcassets */,
				8BA3399221E0BA69007327D3 /* LaunchScreen.storyboard */,
				8BA3399521E0BA69007327D3 /* Info.plist */,
				CA0D9A2C24C3990E00D18133 /* GoogleService-Info.plist */,
			);
			path = DragAndDrop;
			sourceTree = "<group>";
		};
		CA0D9A2924C397A000D18133 /* Board */ = {
			isa = PBXGroup;
			children = (
				8BA3399D21E23857007327D3 /* Board.swift */,
				8BA3399F21E23879007327D3 /* BoardCollectionViewCell.swift */,
			);
			path = Board;
			sourceTree = "<group>";
		};
		CA0D9A2A24C397B600D18133 /* ViewController */ = {
			isa = PBXGroup;
			children = (
				CA0D9A3024C39C4E00D18133 /* LoginViewController.swift */,
				CA0D9A2F24C39C4D00D18133 /* SignUpViewController.swift */,
				CA0D9A2E24C39C4C00D18133 /* ViewController.swift */,
				8BA3399B21E0F8FB007327D3 /* BoardCollectionViewController.swift */,
			);
			path = ViewController;
			sourceTree = "<group>";
		};
		CA0D9A2B24C397C800D18133 /* Helper */ = {
			isa = PBXGroup;
			children = (
				CA0D9A3424C39C5B00D18133 /* Constants.swift */,
				CA0D9A3524C39C5C00D18133 /* Utilities.swift */,
				CA847D9F24C596AF00FC38C9 /* Database.swift */,
			);
			path = Helper;
			sourceTree = "<group>";
		};
		CA2D770E24C3A1D000FCCA71 /* Media */ = {
			isa = PBXGroup;
			children = (
				CA902D1124C440FB002A42B1 /* Kanban.mp4 */,
				CA0D201924C83BF30083EEF9 /* DragAndDropLogin.mp4 */,
				CA0D201A24C83BF40083EEF9 /* DragAndDropLogo.mp4 */,
				CA0D201B24C83BF50083EEF9 /* DragAndDropSignUp.mp4 */,
			);
			path = Media;
			sourceTree = "<group>";
		};
/* End PBXGroup section */

/* Begin PBXNativeTarget section */
		8BA3398521E0BA68007327D3 /* DragAndDrop */ = {
			isa = PBXNativeTarget;
			buildConfigurationList = 8BA3399821E0BA69007327D3 /* Build configuration list for PBXNativeTarget "DragAndDrop" */;
			buildPhases = (
				ECBFE07495CC1480FA7190E4 /* [CP] Check Pods Manifest.lock */,
				8BA3398221E0BA68007327D3 /* Sources */,
				8BA3398321E0BA68007327D3 /* Frameworks */,
				8BA3398421E0BA68007327D3 /* Resources */,
				703129D2A2A61166EA409C01 /* [CP] Embed Pods Frameworks */,
			);
			buildRules = (
			);
			dependencies = (
			);
			name = DragAndDrop;
			productName = DragAndDrop;
			productReference = 8BA3398621E0BA68007327D3 /* DragAndDrop.app */;
			productType = "com.apple.product-type.application";
		};
/* End PBXNativeTarget section */

/* Begin PBXProject section */
		8BA3397E21E0BA68007327D3 /* Project object */ = {
			isa = PBXProject;
			attributes = {
				LastSwiftUpdateCheck = 1010;
				LastUpgradeCheck = 1010;
				ORGANIZATIONNAME = "Alfian Losari";
				TargetAttributes = {
					8BA3398521E0BA68007327D3 = {
						CreatedOnToolsVersion = 10.1;
						LastSwiftMigration = 1130;
					};
				};
			};
			buildConfigurationList = 8BA3398121E0BA68007327D3 /* Build configuration list for PBXProject "DragAndDrop" */;
			compatibilityVersion = "Xcode 9.3";
			developmentRegion = en;
			hasScannedForEncodings = 0;
			knownRegions = (
				en,
				Base,
			);
			mainGroup = 8BA3397D21E0BA68007327D3;
			productRefGroup = 8BA3398721E0BA68007327D3 /* Products */;
			projectDirPath = "";
			projectRoot = "";
			targets = (
				8BA3398521E0BA68007327D3 /* DragAndDrop */,
			);
		};
/* End PBXProject section */

/* Begin PBXResourcesBuildPhase section */
		8BA3398421E0BA68007327D3 /* Resources */ = {
			isa = PBXResourcesBuildPhase;
			buildActionMask = 2147483647;
			files = (
				CA0D201E24C83BF50083EEF9 /* DragAndDropSignUp.mp4 in Resources */,
				CA0D201C24C83BF50083EEF9 /* DragAndDropLogin.mp4 in Resources */,
				CA902D1224C440FB002A42B1 /* Kanban.mp4 in Resources */,
				8BA3399421E0BA69007327D3 /* LaunchScreen.storyboard in Resources */,
				CA0D9A2D24C3990E00D18133 /* GoogleService-Info.plist in Resources */,
				CA0D201D24C83BF50083EEF9 /* DragAndDropLogo.mp4 in Resources */,
				8BA3399121E0BA69007327D3 /* Assets.xcassets in Resources */,
				8BA3398F21E0BA68007327D3 /* Main.storyboard in Resources */,
			);
			runOnlyForDeploymentPostprocessing = 0;
		};
/* End PBXResourcesBuildPhase section */

/* Begin PBXShellScriptBuildPhase section */
		703129D2A2A61166EA409C01 /* [CP] Embed Pods Frameworks */ = {
			isa = PBXShellScriptBuildPhase;
			buildActionMask = 2147483647;
			files = (
			);
			inputFileListPaths = (
				"${PODS_ROOT}/Target Support Files/Pods-DragAndDrop/Pods-DragAndDrop-frameworks-${CONFIGURATION}-input-files.xcfilelist",
			);
			name = "[CP] Embed Pods Frameworks";
			outputFileListPaths = (
				"${PODS_ROOT}/Target Support Files/Pods-DragAndDrop/Pods-DragAndDrop-frameworks-${CONFIGURATION}-output-files.xcfilelist",
			);
			runOnlyForDeploymentPostprocessing = 0;
			shellPath = /bin/sh;
			shellScript = "\"${PODS_ROOT}/Target Support Files/Pods-DragAndDrop/Pods-DragAndDrop-frameworks.sh\"\n";
			showEnvVarsInLog = 0;
		};
		ECBFE07495CC1480FA7190E4 /* [CP] Check Pods Manifest.lock */ = {
			isa = PBXShellScriptBuildPhase;
			buildActionMask = 2147483647;
			files = (
			);
			inputFileListPaths = (
			);
			inputPaths = (
				"${PODS_PODFILE_DIR_PATH}/Podfile.lock",
				"${PODS_ROOT}/Manifest.lock",
			);
			name = "[CP] Check Pods Manifest.lock";
			outputFileListPaths = (
			);
			outputPaths = (
				"$(DERIVED_FILE_DIR)/Pods-DragAndDrop-checkManifestLockResult.txt",
			);
			runOnlyForDeploymentPostprocessing = 0;
			shellPath = /bin/sh;
			shellScript = "diff \"${PODS_PODFILE_DIR_PATH}/Podfile.lock\" \"${PODS_ROOT}/Manifest.lock\" > /dev/null\nif [ $? != 0 ] ; then\n    # print error to STDERR\n    echo \"error: The sandbox is not in sync with the Podfile.lock. Run 'pod install' or update your CocoaPods installation.\" >&2\n    exit 1\nfi\n# This output is used by Xcode 'outputs' to avoid re-running this script phase.\necho \"SUCCESS\" > \"${SCRIPT_OUTPUT_FILE_0}\"\n";
			showEnvVarsInLog = 0;
		};
/* End PBXShellScriptBuildPhase section */

/* Begin PBXSourcesBuildPhase section */
		8BA3398221E0BA68007327D3 /* Sources */ = {
			isa = PBXSourcesBuildPhase;
			buildActionMask = 2147483647;
			files = (
				CA0D9A3324C39C4E00D18133 /* LoginViewController.swift in Sources */,
				CA0D9A3224C39C4E00D18133 /* SignUpViewController.swift in Sources */,
				CA0D9A3124C39C4E00D18133 /* ViewController.swift in Sources */,
				8BA3399E21E23857007327D3 /* Board.swift in Sources */,
				8BA339A021E23879007327D3 /* BoardCollectionViewCell.swift in Sources */,
				8BA3399C21E0F8FB007327D3 /* BoardCollectionViewController.swift in Sources */,
				CA0D9A3724C39C5C00D18133 /* Utilities.swift in Sources */,
				8BA3398A21E0BA68007327D3 /* AppDelegate.swift in Sources */,
				CA847DA024C596AF00FC38C9 /* Database.swift in Sources */,
				CA0D9A3624C39C5C00D18133 /* Constants.swift in Sources */,
			);
			runOnlyForDeploymentPostprocessing = 0;
		};
/* End PBXSourcesBuildPhase section */

/* Begin PBXVariantGroup section */
		8BA3398D21E0BA68007327D3 /* Main.storyboard */ = {
			isa = PBXVariantGroup;
			children = (
				8BA3398E21E0BA68007327D3 /* Base */,
			);
			name = Main.storyboard;
			sourceTree = "<group>";
		};
		8BA3399221E0BA69007327D3 /* LaunchScreen.storyboard */ = {
			isa = PBXVariantGroup;
			children = (
				8BA3399321E0BA69007327D3 /* Base */,
			);
			name = LaunchScreen.storyboard;
			sourceTree = "<group>";
		};
/* End PBXVariantGroup section */

/* Begin XCBuildConfiguration section */
		8BA3399621E0BA69007327D3 /* Debug */ = {
			isa = XCBuildConfiguration;
			buildSettings = {
				ALWAYS_SEARCH_USER_PATHS = NO;
				CLANG_ANALYZER_NONNULL = YES;
				CLANG_ANALYZER_NUMBER_OBJECT_CONVERSION = YES_AGGRESSIVE;
				CLANG_CXX_LANGUAGE_STANDARD = "gnu++14";
				CLANG_CXX_LIBRARY = "libc++";
				CLANG_ENABLE_MODULES = YES;
				CLANG_ENABLE_OBJC_ARC = YES;
				CLANG_ENABLE_OBJC_WEAK = YES;
				CLANG_WARN_BLOCK_CAPTURE_AUTORELEASING = YES;
				CLANG_WARN_BOOL_CONVERSION = YES;
				CLANG_WARN_COMMA = YES;
				CLANG_WARN_CONSTANT_CONVERSION = YES;
				CLANG_WARN_DEPRECATED_OBJC_IMPLEMENTATIONS = YES;
				CLANG_WARN_DIRECT_OBJC_ISA_USAGE = YES_ERROR;
				CLANG_WARN_DOCUMENTATION_COMMENTS = YES;
				CLANG_WARN_EMPTY_BODY = YES;
				CLANG_WARN_ENUM_CONVERSION = YES;
				CLANG_WARN_INFINITE_RECURSION = YES;
				CLANG_WARN_INT_CONVERSION = YES;
				CLANG_WARN_NON_LITERAL_NULL_CONVERSION = YES;
				CLANG_WARN_OBJC_IMPLICIT_RETAIN_SELF = YES;
				CLANG_WARN_OBJC_LITERAL_CONVERSION = YES;
				CLANG_WARN_OBJC_ROOT_CLASS = YES_ERROR;
				CLANG_WARN_RANGE_LOOP_ANALYSIS = YES;
				CLANG_WARN_STRICT_PROTOTYPES = YES;
				CLANG_WARN_SUSPICIOUS_MOVE = YES;
				CLANG_WARN_UNGUARDED_AVAILABILITY = YES_AGGRESSIVE;
				CLANG_WARN_UNREACHABLE_CODE = YES;
				CLANG_WARN__DUPLICATE_METHOD_MATCH = YES;
				CODE_SIGN_IDENTITY = "iPhone Developer";
				COPY_PHASE_STRIP = NO;
				DEBUG_INFORMATION_FORMAT = dwarf;
				ENABLE_STRICT_OBJC_MSGSEND = YES;
				ENABLE_TESTABILITY = YES;
				GCC_C_LANGUAGE_STANDARD = gnu11;
				GCC_DYNAMIC_NO_PIC = NO;
				GCC_NO_COMMON_BLOCKS = YES;
				GCC_OPTIMIZATION_LEVEL = 0;
				GCC_PREPROCESSOR_DEFINITIONS = (
					"DEBUG=1",
					"$(inherited)",
				);
				GCC_WARN_64_TO_32_BIT_CONVERSION = YES;
				GCC_WARN_ABOUT_RETURN_TYPE = YES_ERROR;
				GCC_WARN_UNDECLARED_SELECTOR = YES;
				GCC_WARN_UNINITIALIZED_AUTOS = YES_AGGRESSIVE;
				GCC_WARN_UNUSED_FUNCTION = YES;
				GCC_WARN_UNUSED_VARIABLE = YES;
				IPHONEOS_DEPLOYMENT_TARGET = 12.1;
				MTL_ENABLE_DEBUG_INFO = INCLUDE_SOURCE;
				MTL_FAST_MATH = YES;
				ONLY_ACTIVE_ARCH = YES;
				SDKROOT = iphoneos;
				SWIFT_ACTIVE_COMPILATION_CONDITIONS = DEBUG;
				SWIFT_OPTIMIZATION_LEVEL = "-Onone";
			};
			name = Debug;
		};
		8BA3399721E0BA69007327D3 /* Release */ = {
			isa = XCBuildConfiguration;
			buildSettings = {
				ALWAYS_SEARCH_USER_PATHS = NO;
				CLANG_ANALYZER_NONNULL = YES;
				CLANG_ANALYZER_NUMBER_OBJECT_CONVERSION = YES_AGGRESSIVE;
				CLANG_CXX_LANGUAGE_STANDARD = "gnu++14";
				CLANG_CXX_LIBRARY = "libc++";
				CLANG_ENABLE_MODULES = YES;
				CLANG_ENABLE_OBJC_ARC = YES;
				CLANG_ENABLE_OBJC_WEAK = YES;
				CLANG_WARN_BLOCK_CAPTURE_AUTORELEASING = YES;
				CLANG_WARN_BOOL_CONVERSION = YES;
				CLANG_WARN_COMMA = YES;
				CLANG_WARN_CONSTANT_CONVERSION = YES;
				CLANG_WARN_DEPRECATED_OBJC_IMPLEMENTATIONS = YES;
				CLANG_WARN_DIRECT_OBJC_ISA_USAGE = YES_ERROR;
				CLANG_WARN_DOCUMENTATION_COMMENTS = YES;
				CLANG_WARN_EMPTY_BODY = YES;
				CLANG_WARN_ENUM_CONVERSION = YES;
				CLANG_WARN_INFINITE_RECURSION = YES;
				CLANG_WARN_INT_CONVERSION = YES;
				CLANG_WARN_NON_LITERAL_NULL_CONVERSION = YES;
				CLANG_WARN_OBJC_IMPLICIT_RETAIN_SELF = YES;
				CLANG_WARN_OBJC_LITERAL_CONVERSION = YES;
				CLANG_WARN_OBJC_ROOT_CLASS = YES_ERROR;
				CLANG_WARN_RANGE_LOOP_ANALYSIS = YES;
				CLANG_WARN_STRICT_PROTOTYPES = YES;
				CLANG_WARN_SUSPICIOUS_MOVE = YES;
				CLANG_WARN_UNGUARDED_AVAILABILITY = YES_AGGRESSIVE;
				CLANG_WARN_UNREACHABLE_CODE = YES;
				CLANG_WARN__DUPLICATE_METHOD_MATCH = YES;
				CODE_SIGN_IDENTITY = "iPhone Developer";
				COPY_PHASE_STRIP = NO;
				DEBUG_INFORMATION_FORMAT = "dwarf-with-dsym";
				ENABLE_NS_ASSERTIONS = NO;
				ENABLE_STRICT_OBJC_MSGSEND = YES;
				GCC_C_LANGUAGE_STANDARD = gnu11;
				GCC_NO_COMMON_BLOCKS = YES;
				GCC_WARN_64_TO_32_BIT_CONVERSION = YES;
				GCC_WARN_ABOUT_RETURN_TYPE = YES_ERROR;
				GCC_WARN_UNDECLARED_SELECTOR = YES;
				GCC_WARN_UNINITIALIZED_AUTOS = YES_AGGRESSIVE;
				GCC_WARN_UNUSED_FUNCTION = YES;
				GCC_WARN_UNUSED_VARIABLE = YES;
				IPHONEOS_DEPLOYMENT_TARGET = 12.1;
				MTL_ENABLE_DEBUG_INFO = NO;
				MTL_FAST_MATH = YES;
				SDKROOT = iphoneos;
				SWIFT_COMPILATION_MODE = wholemodule;
				SWIFT_OPTIMIZATION_LEVEL = "-O";
				VALIDATE_PRODUCT = YES;
			};
			name = Release;
		};
		8BA3399921E0BA69007327D3 /* Debug */ = {
			isa = XCBuildConfiguration;
			baseConfigurationReference = BCF1ADBF50C4EA33F00820DE /* Pods-DragAndDrop.debug.xcconfig */;
			buildSettings = {
				ASSETCATALOG_COMPILER_APPICON_NAME = AppIcon;
				CODE_SIGN_STYLE = Automatic;
				DEVELOPMENT_TEAM = 5C2XD9H2JS;
				INFOPLIST_FILE = DragAndDrop/Info.plist;
				LD_RUNPATH_SEARCH_PATHS = (
					"$(inherited)",
					"@executable_path/Frameworks",
				);
				PRODUCT_BUNDLE_IDENTIFIER = com.liortra.DragAndDrop;
				PRODUCT_NAME = "$(TARGET_NAME)";
				SWIFT_VERSION = 5.0;
				TARGETED_DEVICE_FAMILY = "1,2";
			};
			name = Debug;
		};
		8BA3399A21E0BA69007327D3 /* Release */ = {
			isa = XCBuildConfiguration;
			baseConfigurationReference = 612AC104AF4B80E1E8C09F74 /* Pods-DragAndDrop.release.xcconfig */;
			buildSettings = {
				ASSETCATALOG_COMPILER_APPICON_NAME = AppIcon;
				CODE_SIGN_STYLE = Automatic;
				DEVELOPMENT_TEAM = 5C2XD9H2JS;
				INFOPLIST_FILE = DragAndDrop/Info.plist;
				LD_RUNPATH_SEARCH_PATHS = (
					"$(inherited)",
					"@executable_path/Frameworks",
				);
				PRODUCT_BUNDLE_IDENTIFIER = com.liortra.DragAndDrop;
				PRODUCT_NAME = "$(TARGET_NAME)";
				SWIFT_VERSION = 5.0;
				TARGETED_DEVICE_FAMILY = "1,2";
			};
			name = Release;
		};
/* End XCBuildConfiguration section */

/* Begin XCConfigurationList section */
		8BA3398121E0BA68007327D3 /* Build configuration list for PBXProject "DragAndDrop" */ = {
			isa = XCConfigurationList;
			buildConfigurations = (
				8BA3399621E0BA69007327D3 /* Debug */,
				8BA3399721E0BA69007327D3 /* Release */,
			);
			defaultConfigurationIsVisible = 0;
			defaultConfigurationName = Release;
		};
		8BA3399821E0BA69007327D3 /* Build configuration list for PBXNativeTarget "DragAndDrop" */ = {
			isa = XCConfigurationList;
			buildConfigurations = (
				8BA3399921E0BA69007327D3 /* Debug */,
				8BA3399A21E0BA69007327D3 /* Release */,
			);
			defaultConfigurationIsVisible = 0;
			defaultConfigurationName = Release;
		};
/* End XCConfigurationList section */
	};
	rootObject = 8BA3397E21E0BA68007327D3 /* Project object */;
}
